
Microsoft Visual Studio Solution File, Format Version 12.00
# Visual Studio Version 17
VisualStudioVersion = 17.3.32901.215
MinimumVisualStudioVersion = 10.0.40219.1
Project("{2150E333-8FDC-42A3-9474-1A3956D46DE8}") = "Src", "Src", "{E0806AD5-C34F-4F70-9C69-6F8D5A329740}"
EndProject
Project("{2150E333-8FDC-42A3-9474-1A3956D46DE8}") = "Test", "Test", "{64D19FAD-D131-4D4B-B5C8-E0D03BAB119D}"
EndProject
Project("{2150E333-8FDC-42A3-9474-1A3956D46DE8}") = "Api", "Api", "{5DA80B38-3654-464B-95CF-D5E9ECA2FF8E}"
EndProject
Project("{2150E333-8FDC-42A3-9474-1A3956D46DE8}") = "Core", "Core", "{49EA6614-8CA3-4C6D-BFCB-882B9115C9E3}"
EndProject
Project("{2150E333-8FDC-42A3-9474-1A3956D46DE8}") = "Infrastucture", "Infrastucture", "{F4C5A349-73ED-4399-AC5E-EFE6D91CCD82}"
EndProject
Project("{2150E333-8FDC-42A3-9474-1A3956D46DE8}") = "UI", "UI", "{8916AAA0-9AFD-44EC-BEA4-267B6B19724C}"
EndProject
Project("{9A19103F-16F7-4668-BE54-9A1E7A4F7556}") = "Unik_OnBoarding.Domain", "Unik_OnBoarding.Domain\Unik_OnBoarding.Domain.csproj", "{F00A77E0-9DF7-424B-AB52-26A1C8632700}"
EndProject
Project("{9A19103F-16F7-4668-BE54-9A1E7A4F7556}") = "Unik_OnBoarding.Application", "Unik_OnBoarding.Application\Unik_OnBoarding.Application.csproj", "{1FA83DDF-EF9F-4475-933B-55D87B571715}"
EndProject
Project("{9A19103F-16F7-4668-BE54-9A1E7A4F7556}") = "Unik_OnBoarding.Persistance", "Unik_OnBoarding.Persistance\Unik_OnBoarding.Persistance.csproj", "{4702454C-38F5-4966-A73A-88F338B281F6}"
EndProject
Project("{9A19103F-16F7-4668-BE54-9A1E7A4F7556}") = "Unik_OnBoarding.WebApp", "Unik_OnBoarding.WebApp\Unik_OnBoarding.WebApp.csproj", "{817603ED-3D52-486B-B80B-F661BD203921}"
EndProject
Project("{9A19103F-16F7-4668-BE54-9A1E7A4F7556}") = "Unik_OnBoarding.Api", "Unik_OnBoarding.Api\Unik_OnBoarding.Api.csproj", "{B9A7CA83-9953-4AF4-BB75-A86C04D106ED}"
EndProject
Project("{9A19103F-16F7-4668-BE54-9A1E7A4F7556}") = "Unik_OnBoarding.User.Persistance", "Unik_OnBoarding.User.Persistance\Unik_OnBoarding.User.Persistance.csproj", "{A4CFF48D-B0A2-4483-BC48-F73F30DBFC5B}"
EndProject
Project("{2150E333-8FDC-42A3-9474-1A3956D46DE8}") = "Application", "Application", "{94077B2E-F612-453B-AAF1-412E304B31AB}"
EndProject
Project("{9A19103F-16F7-4668-BE54-9A1E7A4F7556}") = "Unik_OnBoarding.Persistance.User.Migartions", "Unik_OnBoarding.Persistance.Migartions\Unik_OnBoarding.Persistance.User.Migartions.csproj", "{B1368BE4-830B-4136-929A-1ABCD73141B4}"
EndProject
Project("{9A19103F-16F7-4668-BE54-9A1E7A4F7556}") = "Unik_OnBoaring.SqlServerContext", "Unik_OnBoaring.SqlServerContext\Unik_OnBoaring.SqlServerContext.csproj", "{07749C26-C4B5-4809-9624-EC8EC05C5C88}"
EndProject
Project("{9A19103F-16F7-4668-BE54-9A1E7A4F7556}") = "Unik_OnBoaring.SqlServerContext.Mirgrations", "Unik_OnBoaring.SqlServerContext.Mirgrations\Unik_OnBoaring.SqlServerContext.Mirgrations.csproj", "{2B71DEEE-5ECB-4C3B-A34E-5E7ED45F727C}"
EndProject
Project("{E53339B2-1760-4266-BCC7-CA923CBCF16C}") = "docker-compose", "docker-compose.dcproj", "{140A1B6B-DFC1-4A3A-8BD8-4F862BE48CC9}"
EndProject
Project("{9A19103F-16F7-4668-BE54-9A1E7A4F7556}") = "Unik_OnBoaring.Test", "..\Unik_OnBoaring.Test\Unik_OnBoaring.Test.csproj", "{A8DF004A-4C77-4745-AB75-472C92C7FC12}"
EndProject
Global
	GlobalSection(SolutionConfigurationPlatforms) = preSolution
		Debug|Any CPU = Debug|Any CPU
		Release|Any CPU = Release|Any CPU
	EndGlobalSection
	GlobalSection(ProjectConfigurationPlatforms) = postSolution
		{F00A77E0-9DF7-424B-AB52-26A1C8632700}.Debug|Any CPU.ActiveCfg = Debug|Any CPU
		{F00A77E0-9DF7-424B-AB52-26A1C8632700}.Debug|Any CPU.Build.0 = Debug|Any CPU
		{F00A77E0-9DF7-424B-AB52-26A1C8632700}.Release|Any CPU.ActiveCfg = Release|Any CPU
		{F00A77E0-9DF7-424B-AB52-26A1C8632700}.Release|Any CPU.Build.0 = Release|Any CPU
		{1FA83DDF-EF9F-4475-933B-55D87B571715}.Debug|Any CPU.ActiveCfg = Debug|Any CPU
		{1FA83DDF-EF9F-4475-933B-55D87B571715}.Debug|Any CPU.Build.0 = Debug|Any CPU
		{1FA83DDF-EF9F-4475-933B-55D87B571715}.Release|Any CPU.ActiveCfg = Release|Any CPU
		{1FA83DDF-EF9F-4475-933B-55D87B571715}.Release|Any CPU.Build.0 = Release|Any CPU
		{4702454C-38F5-4966-A73A-88F338B281F6}.Debug|Any CPU.ActiveCfg = Debug|Any CPU
		{4702454C-38F5-4966-A73A-88F338B281F6}.Debug|Any CPU.Build.0 = Debug|Any CPU
		{4702454C-38F5-4966-A73A-88F338B281F6}.Release|Any CPU.ActiveCfg = Release|Any CPU
		{4702454C-38F5-4966-A73A-88F338B281F6}.Release|Any CPU.Build.0 = Release|Any CPU
		{817603ED-3D52-486B-B80B-F661BD203921}.Debug|Any CPU.ActiveCfg = Debug|Any CPU
		{817603ED-3D52-486B-B80B-F661BD203921}.Debug|Any CPU.Build.0 = Debug|Any CPU
		{817603ED-3D52-486B-B80B-F661BD203921}.Release|Any CPU.ActiveCfg = Release|Any CPU
		{817603ED-3D52-486B-B80B-F661BD203921}.Release|Any CPU.Build.0 = Release|Any CPU
		{B9A7CA83-9953-4AF4-BB75-A86C04D106ED}.Debug|Any CPU.ActiveCfg = Debug|Any CPU
		{B9A7CA83-9953-4AF4-BB75-A86C04D106ED}.Debug|Any CPU.Build.0 = Debug|Any CPU
		{B9A7CA83-9953-4AF4-BB75-A86C04D106ED}.Release|Any CPU.ActiveCfg = Release|Any CPU
		{B9A7CA83-9953-4AF4-BB75-A86C04D106ED}.Release|Any CPU.Build.0 = Release|Any CPU
		{A4CFF48D-B0A2-4483-BC48-F73F30DBFC5B}.Debug|Any CPU.ActiveCfg = Debug|Any CPU
		{A4CFF48D-B0A2-4483-BC48-F73F30DBFC5B}.Debug|Any CPU.Build.0 = Debug|Any CPU
		{A4CFF48D-B0A2-4483-BC48-F73F30DBFC5B}.Release|Any CPU.ActiveCfg = Release|Any CPU
		{A4CFF48D-B0A2-4483-BC48-F73F30DBFC5B}.Release|Any CPU.Build.0 = Release|Any CPU
		{B1368BE4-830B-4136-929A-1ABCD73141B4}.Debug|Any CPU.ActiveCfg = Debug|Any CPU
		{B1368BE4-830B-4136-929A-1ABCD73141B4}.Debug|Any CPU.Build.0 = Debug|Any CPU
		{B1368BE4-830B-4136-929A-1ABCD73141B4}.Release|Any CPU.ActiveCfg = Release|Any CPU
		{B1368BE4-830B-4136-929A-1ABCD73141B4}.Release|Any CPU.Build.0 = Release|Any CPU
		{07749C26-C4B5-4809-9624-EC8EC05C5C88}.Debug|Any CPU.ActiveCfg = Debug|Any CPU
		{07749C26-C4B5-4809-9624-EC8EC05C5C88}.Debug|Any CPU.Build.0 = Debug|Any CPU
		{07749C26-C4B5-4809-9624-EC8EC05C5C88}.Release|Any CPU.ActiveCfg = Release|Any CPU
		{07749C26-C4B5-4809-9624-EC8EC05C5C88}.Release|Any CPU.Build.0 = Release|Any CPU
		{2B71DEEE-5ECB-4C3B-A34E-5E7ED45F727C}.Debug|Any CPU.ActiveCfg = Debug|Any CPU
		{2B71DEEE-5ECB-4C3B-A34E-5E7ED45F727C}.Debug|Any CPU.Build.0 = Debug|Any CPU
		{2B71DEEE-5ECB-4C3B-A34E-5E7ED45F727C}.Release|Any CPU.ActiveCfg = Release|Any CPU
		{2B71DEEE-5ECB-4C3B-A34E-5E7ED45F727C}.Release|Any CPU.Build.0 = Release|Any CPU
		{140A1B6B-DFC1-4A3A-8BD8-4F862BE48CC9}.Debug|Any CPU.ActiveCfg = Debug|Any CPU
		{140A1B6B-DFC1-4A3A-8BD8-4F862BE48CC9}.Debug|Any CPU.Build.0 = Debug|Any CPU
		{140A1B6B-DFC1-4A3A-8BD8-4F862BE48CC9}.Release|Any CPU.ActiveCfg = Release|Any CPU
		{140A1B6B-DFC1-4A3A-8BD8-4F862BE48CC9}.Release|Any CPU.Build.0 = Release|Any CPU
		{A8DF004A-4C77-4745-AB75-472C92C7FC12}.Debug|Any CPU.ActiveCfg = Debug|Any CPU
		{A8DF004A-4C77-4745-AB75-472C92C7FC12}.Debug|Any CPU.Build.0 = Debug|Any CPU
		{A8DF004A-4C77-4745-AB75-472C92C7FC12}.Release|Any CPU.ActiveCfg = Release|Any CPU
		{A8DF004A-4C77-4745-AB75-472C92C7FC12}.Release|Any CPU.Build.0 = Release|Any CPU
	EndGlobalSection
	GlobalSection(SolutionProperties) = preSolution
		HideSolutionNode = FALSE
	EndGlobalSection
	GlobalSection(NestedProjects) = preSolution
		{5DA80B38-3654-464B-95CF-D5E9ECA2FF8E} = {E0806AD5-C34F-4F70-9C69-6F8D5A329740}
		{49EA6614-8CA3-4C6D-BFCB-882B9115C9E3} = {E0806AD5-C34F-4F70-9C69-6F8D5A329740}
		{F4C5A349-73ED-4399-AC5E-EFE6D91CCD82} = {E0806AD5-C34F-4F70-9C69-6F8D5A329740}
		{8916AAA0-9AFD-44EC-BEA4-267B6B19724C} = {E0806AD5-C34F-4F70-9C69-6F8D5A329740}
		{F00A77E0-9DF7-424B-AB52-26A1C8632700} = {49EA6614-8CA3-4C6D-BFCB-882B9115C9E3}
		{1FA83DDF-EF9F-4475-933B-55D87B571715} = {94077B2E-F612-453B-AAF1-412E304B31AB}
		{4702454C-38F5-4966-A73A-88F338B281F6} = {F4C5A349-73ED-4399-AC5E-EFE6D91CCD82}
		{817603ED-3D52-486B-B80B-F661BD203921} = {8916AAA0-9AFD-44EC-BEA4-267B6B19724C}
		{B9A7CA83-9953-4AF4-BB75-A86C04D106ED} = {5DA80B38-3654-464B-95CF-D5E9ECA2FF8E}
		{A4CFF48D-B0A2-4483-BC48-F73F30DBFC5B} = {F4C5A349-73ED-4399-AC5E-EFE6D91CCD82}
		{94077B2E-F612-453B-AAF1-412E304B31AB} = {E0806AD5-C34F-4F70-9C69-6F8D5A329740}
		{B1368BE4-830B-4136-929A-1ABCD73141B4} = {F4C5A349-73ED-4399-AC5E-EFE6D91CCD82}
		{07749C26-C4B5-4809-9624-EC8EC05C5C88} = {F4C5A349-73ED-4399-AC5E-EFE6D91CCD82}
		{2B71DEEE-5ECB-4C3B-A34E-5E7ED45F727C} = {F4C5A349-73ED-4399-AC5E-EFE6D91CCD82}
		{A8DF004A-4C77-4745-AB75-472C92C7FC12} = {64D19FAD-D131-4D4B-B5C8-E0D03BAB119D}
	EndGlobalSection
	GlobalSection(ExtensibilityGlobals) = postSolution
		SolutionGuid = {75C1CC84-EA59-4680-8251-4F1F9712C539}
	EndGlobalSection
EndGlobal
